
Microsoft Visual Studio Solution File, Format Version 12.00
# Visual Studio Version 17
VisualStudioVersion = 17.3.32901.215
MinimumVisualStudioVersion = 10.0.40219.1
Project("{FAE04EC0-301F-11D3-BF4B-00C04F79EFBC}") = "urunTakip", "urunTakip\urunTakip.csproj", "{BB7E93D2-877A-4AEF-95DA-1EDD9B9E52F0}"
EndProject
Global
	GlobalSection(SolutionConfigurationPlatforms) = preSolution
		Debug|Any CPU = Debug|Any CPU
		Release|Any CPU = Release|Any CPU
	EndGlobalSection
	GlobalSection(ProjectConfigurationPlatforms) = postSolution
		{BB7E93D2-877A-4AEF-95DA-1EDD9B9E52F0}.Debug|Any CPU.ActiveCfg = Debug|Any CPU
		{BB7E93D2-877A-4AEF-95DA-1EDD9B9E52F0}.Debug|Any CPU.Build.0 = Debug|Any CPU
		{BB7E93D2-877A-4AEF-95DA-1EDD9B9E52F0}.Release|Any CPU.ActiveCfg = Release|Any CPU
		{BB7E93D2-877A-4AEF-95DA-1EDD9B9E52F0}.Release|Any CPU.Build.0 = Release|Any CPU
	EndGlobalSection
	GlobalSection(SolutionProperties) = preSolution
		HideSolutionNode = FALSE
	EndGlobalSection
	GlobalSection(ExtensibilityGlobals) = postSolution
		SolutionGuid = {D0BC83F1-CE40-4A5F-ACB9-00AAC42F253C}
	EndGlobalSection
EndGlobal
